
Microsoft Visual Studio Solution File, Format Version 12.00
# Visual Studio Version 16
VisualStudioVersion = 16.0.32413.511
MinimumVisualStudioVersion = 10.0.40219.1
Project("{FAE04EC0-301F-11D3-BF4B-00C04F79EFBC}") = "AqaratProject", "AqaratProject\AqaratProject.csproj", "{8A4CE766-DF28-4940-8E3C-8A30F5431E4A}"
EndProject
Global
	GlobalSection(SolutionConfigurationPlatforms) = preSolution
		Debug|Any CPU = Debug|Any CPU
		Release|Any CPU = Release|Any CPU
	EndGlobalSection
	GlobalSection(ProjectConfigurationPlatforms) = postSolution
		{8A4CE766-DF28-4940-8E3C-8A30F5431E4A}.Debug|Any CPU.ActiveCfg = Debug|Any CPU
		{8A4CE766-DF28-4940-8E3C-8A30F5431E4A}.Debug|Any CPU.Build.0 = Debug|Any CPU
		{8A4CE766-DF28-4940-8E3C-8A30F5431E4A}.Release|Any CPU.ActiveCfg = Release|Any CPU
		{8A4CE766-DF28-4940-8E3C-8A30F5431E4A}.Release|Any CPU.Build.0 = Release|Any CPU
	EndGlobalSection
	GlobalSection(SolutionProperties) = preSolution
		HideSolutionNode = FALSE
	EndGlobalSection
	GlobalSection(ExtensibilityGlobals) = postSolution
		SolutionGuid = {59026624-D946-4F08-A599-5AE646CA5BED}
	EndGlobalSection
EndGlobal
